
Microsoft Visual Studio Solution File, Format Version 12.00
# Visual Studio Version 17
VisualStudioVersion = 17.6.33815.320
MinimumVisualStudioVersion = 10.0.40219.1
Project("{9A19103F-16F7-4668-BE54-9A1E7A4F7556}") = "PartThree", "PartThree\PartThree.csproj", "{7C1BC1C3-37B5-4648-9F59-1E1F138B21A2}"
EndProject
Project("{9A19103F-16F7-4668-BE54-9A1E7A4F7556}") = "ModuleFunctions", "ModuleFunctions\ModuleFunctions.csproj", "{90DBC151-A02C-4BE5-9889-7CE6C8AD20B3}"
EndProject
Global
	GlobalSection(SolutionConfigurationPlatforms) = preSolution
		Debug|Any CPU = Debug|Any CPU
		Release|Any CPU = Release|Any CPU
	EndGlobalSection
	GlobalSection(ProjectConfigurationPlatforms) = postSolution
		{7C1BC1C3-37B5-4648-9F59-1E1F138B21A2}.Debug|Any CPU.ActiveCfg = Debug|Any CPU
		{7C1BC1C3-37B5-4648-9F59-1E1F138B21A2}.Debug|Any CPU.Build.0 = Debug|Any CPU
		{7C1BC1C3-37B5-4648-9F59-1E1F138B21A2}.Release|Any CPU.ActiveCfg = Release|Any CPU
		{7C1BC1C3-37B5-4648-9F59-1E1F138B21A2}.Release|Any CPU.Build.0 = Release|Any CPU
		{90DBC151-A02C-4BE5-9889-7CE6C8AD20B3}.Debug|Any CPU.ActiveCfg = Debug|Any CPU
		{90DBC151-A02C-4BE5-9889-7CE6C8AD20B3}.Debug|Any CPU.Build.0 = Debug|Any CPU
		{90DBC151-A02C-4BE5-9889-7CE6C8AD20B3}.Release|Any CPU.ActiveCfg = Release|Any CPU
		{90DBC151-A02C-4BE5-9889-7CE6C8AD20B3}.Release|Any CPU.Build.0 = Release|Any CPU
	EndGlobalSection
	GlobalSection(SolutionProperties) = preSolution
		HideSolutionNode = FALSE
	EndGlobalSection
	GlobalSection(ExtensibilityGlobals) = postSolution
		SolutionGuid = {D4A1DC20-0405-4343-94A6-5AEE52CD1659}
	EndGlobalSection
EndGlobal
